
Microsoft Visual Studio Solution File, Format Version 12.00
# Visual Studio Version 17
VisualStudioVersion = 17.8.34330.188
MinimumVisualStudioVersion = 10.0.40219.1
Project("{FAE04EC0-301F-11D3-BF4B-00C04F79EFBC}") = "webappazure400a", "webappazure400a\webappazure400a.csproj", "{64D851E1-0B5D-4F35-B841-508FBD34C1BD}"
EndProject
Global
	GlobalSection(SolutionConfigurationPlatforms) = preSolution
		Debug|Any CPU = Debug|Any CPU
		Release|Any CPU = Release|Any CPU
	EndGlobalSection
	GlobalSection(ProjectConfigurationPlatforms) = postSolution
		{64D851E1-0B5D-4F35-B841-508FBD34C1BD}.Debug|Any CPU.ActiveCfg = Debug|Any CPU
		{64D851E1-0B5D-4F35-B841-508FBD34C1BD}.Debug|Any CPU.Build.0 = Debug|Any CPU
		{64D851E1-0B5D-4F35-B841-508FBD34C1BD}.Release|Any CPU.ActiveCfg = Release|Any CPU
		{64D851E1-0B5D-4F35-B841-508FBD34C1BD}.Release|Any CPU.Build.0 = Release|Any CPU
	EndGlobalSection
	GlobalSection(SolutionProperties) = preSolution
		HideSolutionNode = FALSE
	EndGlobalSection
	GlobalSection(ExtensibilityGlobals) = postSolution
		SolutionGuid = {02153499-B887-489B-9522-D5E438AE163E}
	EndGlobalSection
EndGlobal
